
Microsoft Visual Studio Solution File, Format Version 12.00
# Visual Studio 15
VisualStudioVersion = 15.0.28307.271
MinimumVisualStudioVersion = 10.0.40219.1
Project("{8BC9CEB8-8B4A-11D0-8D11-00A0C91BC942}") = "DataPassComposer-C++", "DataPassComposer-C++\DataPassComposer-C++.vcxproj", "{8823EF6C-5B73-48F8-9A8E-1BEAD8423B30}"
EndProject
Global
	GlobalSection(SolutionConfigurationPlatforms) = preSolution
		Debug|x64 = Debug|x64
		Debug|x86 = Debug|x86
		Release|x64 = Release|x64
		Release|x86 = Release|x86
	EndGlobalSection
	GlobalSection(ProjectConfigurationPlatforms) = postSolution
		{8823EF6C-5B73-48F8-9A8E-1BEAD8423B30}.Debug|x64.ActiveCfg = Debug|x64
		{8823EF6C-5B73-48F8-9A8E-1BEAD8423B30}.Debug|x64.Build.0 = Debug|x64
		{8823EF6C-5B73-48F8-9A8E-1BEAD8423B30}.Debug|x86.ActiveCfg = Debug|Win32
		{8823EF6C-5B73-48F8-9A8E-1BEAD8423B30}.Debug|x86.Build.0 = Debug|Win32
		{8823EF6C-5B73-48F8-9A8E-1BEAD8423B30}.Release|x64.ActiveCfg = Release|x64
		{8823EF6C-5B73-48F8-9A8E-1BEAD8423B30}.Release|x64.Build.0 = Release|x64
		{8823EF6C-5B73-48F8-9A8E-1BEAD8423B30}.Release|x86.ActiveCfg = Release|Win32
		{8823EF6C-5B73-48F8-9A8E-1BEAD8423B30}.Release|x86.Build.0 = Release|Win32
	EndGlobalSection
	GlobalSection(SolutionProperties) = preSolution
		HideSolutionNode = FALSE
	EndGlobalSection
	GlobalSection(ExtensibilityGlobals) = postSolution
		SolutionGuid = {8FABAB1E-00D0-4DB2-8E86-256E92F387D6}
	EndGlobalSection
EndGlobal
